
Microsoft Visual Studio Solution File, Format Version 12.00
# Visual Studio 15
VisualStudioVersion = 15.0.27130.2010
MinimumVisualStudioVersion = 10.0.40219.1
Project("{FAE04EC0-301F-11D3-BF4B-00C04F79EFBC}") = "ImagesExercise.Android", "ImagesExercise\ImagesExercise.Android\ImagesExercise.Android.csproj", "{448E721C-9E55-4BE9-8FCD-A0F60D4B63C2}"
EndProject
Project("{FAE04EC0-301F-11D3-BF4B-00C04F79EFBC}") = "ImagesExercise.iOS", "ImagesExercise\ImagesExercise.iOS\ImagesExercise.iOS.csproj", "{EA340817-A687-454B-825B-142C55E1C2AB}"
EndProject
Project("{FAE04EC0-301F-11D3-BF4B-00C04F79EFBC}") = "ImagesExercise.UWP", "ImagesExercise\ImagesExercise.UWP\ImagesExercise.UWP.csproj", "{C716107E-809E-4470-8CAE-9571DE76F040}"
EndProject
Project("{FAE04EC0-301F-11D3-BF4B-00C04F79EFBC}") = "ImagesExercise", "ImagesExercise\ImagesExercise\ImagesExercise.csproj", "{60EF6B94-C0E2-4312-8547-F02779AFB784}"
EndProject
Global
	GlobalSection(SolutionConfigurationPlatforms) = preSolution
		Ad-Hoc|Any CPU = Ad-Hoc|Any CPU
		Ad-Hoc|ARM = Ad-Hoc|ARM
		Ad-Hoc|iPhone = Ad-Hoc|iPhone
		Ad-Hoc|iPhoneSimulator = Ad-Hoc|iPhoneSimulator
		Ad-Hoc|x64 = Ad-Hoc|x64
		Ad-Hoc|x86 = Ad-Hoc|x86
		AppStore|Any CPU = AppStore|Any CPU
		AppStore|ARM = AppStore|ARM
		AppStore|iPhone = AppStore|iPhone
		AppStore|iPhoneSimulator = AppStore|iPhoneSimulator
		AppStore|x64 = AppStore|x64
		AppStore|x86 = AppStore|x86
		Debug|Any CPU = Debug|Any CPU
		Debug|ARM = Debug|ARM
		Debug|iPhone = Debug|iPhone
		Debug|iPhoneSimulator = Debug|iPhoneSimulator
		Debug|x64 = Debug|x64
		Debug|x86 = Debug|x86
		Release|Any CPU = Release|Any CPU
		Release|ARM = Release|ARM
		Release|iPhone = Release|iPhone
		Release|iPhoneSimulator = Release|iPhoneSimulator
		Release|x64 = Release|x64
		Release|x86 = Release|x86
	EndGlobalSection
	GlobalSection(ProjectConfigurationPlatforms) = postSolution
		{448E721C-9E55-4BE9-8FCD-A0F60D4B63C2}.Ad-Hoc|Any CPU.ActiveCfg = Release|Any CPU
		{448E721C-9E55-4BE9-8FCD-A0F60D4B63C2}.Ad-Hoc|Any CPU.Build.0 = Release|Any CPU
		{448E721C-9E55-4BE9-8FCD-A0F60D4B63C2}.Ad-Hoc|Any CPU.Deploy.0 = Release|Any CPU
		{448E721C-9E55-4BE9-8FCD-A0F60D4B63C2}.Ad-Hoc|ARM.ActiveCfg = Release|Any CPU
		{448E721C-9E55-4BE9-8FCD-A0F60D4B63C2}.Ad-Hoc|ARM.Build.0 = Release|Any CPU
		{448E721C-9E55-4BE9-8FCD-A0F60D4B63C2}.Ad-Hoc|ARM.Deploy.0 = Release|Any CPU
		{448E721C-9E55-4BE9-8FCD-A0F60D4B63C2}.Ad-Hoc|iPhone.ActiveCfg = Release|Any CPU
		{448E721C-9E55-4BE9-8FCD-A0F60D4B63C2}.Ad-Hoc|iPhone.Build.0 = Release|Any CPU
		{448E721C-9E55-4BE9-8FCD-A0F60D4B63C2}.Ad-Hoc|iPhone.Deploy.0 = Release|Any CPU
		{448E721C-9E55-4BE9-8FCD-A0F60D4B63C2}.Ad-Hoc|iPhoneSimulator.ActiveCfg = Release|Any CPU
		{448E721C-9E55-4BE9-8FCD-A0F60D4B63C2}.Ad-Hoc|iPhoneSimulator.Build.0 = Release|Any CPU
		{448E721C-9E55-4BE9-8FCD-A0F60D4B63C2}.Ad-Hoc|iPhoneSimulator.Deploy.0 = Release|Any CPU
		{448E721C-9E55-4BE9-8FCD-A0F60D4B63C2}.Ad-Hoc|x64.ActiveCfg = Release|Any CPU
		{448E721C-9E55-4BE9-8FCD-A0F60D4B63C2}.Ad-Hoc|x64.Build.0 = Release|Any CPU
		{448E721C-9E55-4BE9-8FCD-A0F60D4B63C2}.Ad-Hoc|x64.Deploy.0 = Release|Any CPU
		{448E721C-9E55-4BE9-8FCD-A0F60D4B63C2}.Ad-Hoc|x86.ActiveCfg = Release|Any CPU
		{448E721C-9E55-4BE9-8FCD-A0F60D4B63C2}.Ad-Hoc|x86.Build.0 = Release|Any CPU
		{448E721C-9E55-4BE9-8FCD-A0F60D4B63C2}.Ad-Hoc|x86.Deploy.0 = Release|Any CPU
		{448E721C-9E55-4BE9-8FCD-A0F60D4B63C2}.AppStore|Any CPU.ActiveCfg = Release|Any CPU
		{448E721C-9E55-4BE9-8FCD-A0F60D4B63C2}.AppStore|Any CPU.Build.0 = Release|Any CPU
		{448E721C-9E55-4BE9-8FCD-A0F60D4B63C2}.AppStore|Any CPU.Deploy.0 = Release|Any CPU
		{448E721C-9E55-4BE9-8FCD-A0F60D4B63C2}.AppStore|ARM.ActiveCfg = Release|Any CPU
		{448E721C-9E55-4BE9-8FCD-A0F60D4B63C2}.AppStore|ARM.Build.0 = Release|Any CPU
		{448E721C-9E55-4BE9-8FCD-A0F60D4B63C2}.AppStore|ARM.Deploy.0 = Release|Any CPU
		{448E721C-9E55-4BE9-8FCD-A0F60D4B63C2}.AppStore|iPhone.ActiveCfg = Release|Any CPU
		{448E721C-9E55-4BE9-8FCD-A0F60D4B63C2}.AppStore|iPhone.Build.0 = Release|Any CPU
		{448E721C-9E55-4BE9-8FCD-A0F60D4B63C2}.AppStore|iPhone.Deploy.0 = Release|Any CPU
		{448E721C-9E55-4BE9-8FCD-A0F60D4B63C2}.AppStore|iPhoneSimulator.ActiveCfg = Release|Any CPU
		{448E721C-9E55-4BE9-8FCD-A0F60D4B63C2}.AppStore|iPhoneSimulator.Build.0 = Release|Any CPU
		{448E721C-9E55-4BE9-8FCD-A0F60D4B63C2}.AppStore|iPhoneSimulator.Deploy.0 = Release|Any CPU
		{448E721C-9E55-4BE9-8FCD-A0F60D4B63C2}.AppStore|x64.ActiveCfg = Release|Any CPU
		{448E721C-9E55-4BE9-8FCD-A0F60D4B63C2}.AppStore|x64.Build.0 = Release|Any CPU
		{448E721C-9E55-4BE9-8FCD-A0F60D4B63C2}.AppStore|x64.Deploy.0 = Release|Any CPU
		{448E721C-9E55-4BE9-8FCD-A0F60D4B63C2}.AppStore|x86.ActiveCfg = Release|Any CPU
		{448E721C-9E55-4BE9-8FCD-A0F60D4B63C2}.AppStore|x86.Build.0 = Release|Any CPU
		{448E721C-9E55-4BE9-8FCD-A0F60D4B63C2}.AppStore|x86.Deploy.0 = Release|Any CPU
		{448E721C-9E55-4BE9-8FCD-A0F60D4B63C2}.Debug|Any CPU.ActiveCfg = Debug|Any CPU
		{448E721C-9E55-4BE9-8FCD-A0F60D4B63C2}.Debug|Any CPU.Build.0 = Debug|Any CPU
		{448E721C-9E55-4BE9-8FCD-A0F60D4B63C2}.Debug|Any CPU.Deploy.0 = Debug|Any CPU
		{448E721C-9E55-4BE9-8FCD-A0F60D4B63C2}.Debug|ARM.ActiveCfg = Debug|Any CPU
		{448E721C-9E55-4BE9-8FCD-A0F60D4B63C2}.Debug|ARM.Build.0 = Debug|Any CPU
		{448E721C-9E55-4BE9-8FCD-A0F60D4B63C2}.Debug|ARM.Deploy.0 = Debug|Any CPU
		{448E721C-9E55-4BE9-8FCD-A0F60D4B63C2}.Debug|iPhone.ActiveCfg = Debug|Any CPU
		{448E721C-9E55-4BE9-8FCD-A0F60D4B63C2}.Debug|iPhone.Build.0 = Debug|Any CPU
		{448E721C-9E55-4BE9-8FCD-A0F60D4B63C2}.Debug|iPhone.Deploy.0 = Debug|Any CPU
		{448E721C-9E55-4BE9-8FCD-A0F60D4B63C2}.Debug|iPhoneSimulator.ActiveCfg = Debug|Any CPU
		{448E721C-9E55-4BE9-8FCD-A0F60D4B63C2}.Debug|iPhoneSimulator.Build.0 = Debug|Any CPU
		{448E721C-9E55-4BE9-8FCD-A0F60D4B63C2}.Debug|iPhoneSimulator.Deploy.0 = Debug|Any CPU
		{448E721C-9E55-4BE9-8FCD-A0F60D4B63C2}.Debug|x64.ActiveCfg = Debug|Any CPU
		{448E721C-9E55-4BE9-8FCD-A0F60D4B63C2}.Debug|x64.Build.0 = Debug|Any CPU
		{448E721C-9E55-4BE9-8FCD-A0F60D4B63C2}.Debug|x64.Deploy.0 = Debug|Any CPU
		{448E721C-9E55-4BE9-8FCD-A0F60D4B63C2}.Debug|x86.ActiveCfg = Debug|Any CPU
		{448E721C-9E55-4BE9-8FCD-A0F60D4B63C2}.Debug|x86.Build.0 = Debug|Any CPU
		{448E721C-9E55-4BE9-8FCD-A0F60D4B63C2}.Debug|x86.Deploy.0 = Debug|Any CPU
		{448E721C-9E55-4BE9-8FCD-A0F60D4B63C2}.Release|Any CPU.ActiveCfg = Release|Any CPU
		{448E721C-9E55-4BE9-8FCD-A0F60D4B63C2}.Release|Any CPU.Build.0 = Release|Any CPU
		{448E721C-9E55-4BE9-8FCD-A0F60D4B63C2}.Release|Any CPU.Deploy.0 = Release|Any CPU
		{448E721C-9E55-4BE9-8FCD-A0F60D4B63C2}.Release|ARM.ActiveCfg = Release|Any CPU
		{448E721C-9E55-4BE9-8FCD-A0F60D4B63C2}.Release|ARM.Build.0 = Release|Any CPU
		{448E721C-9E55-4BE9-8FCD-A0F60D4B63C2}.Release|ARM.Deploy.0 = Release|Any CPU
		{448E721C-9E55-4BE9-8FCD-A0F60D4B63C2}.Release|iPhone.ActiveCfg = Release|Any CPU
		{448E721C-9E55-4BE9-8FCD-A0F60D4B63C2}.Release|iPhone.Build.0 = Release|Any CPU
		{448E721C-9E55-4BE9-8FCD-A0F60D4B63C2}.Release|iPhone.Deploy.0 = Release|Any CPU
		{448E721C-9E55-4BE9-8FCD-A0F60D4B63C2}.Release|iPhoneSimulator.ActiveCfg = Release|Any CPU
		{448E721C-9E55-4BE9-8FCD-A0F60D4B63C2}.Release|iPhoneSimulator.Build.0 = Release|Any CPU
		{448E721C-9E55-4BE9-8FCD-A0F60D4B63C2}.Release|iPhoneSimulator.Deploy.0 = Release|Any CPU
		{448E721C-9E55-4BE9-8FCD-A0F60D4B63C2}.Release|x64.ActiveCfg = Release|Any CPU
		{448E721C-9E55-4BE9-8FCD-A0F60D4B63C2}.Release|x64.Build.0 = Release|Any CPU
		{448E721C-9E55-4BE9-8FCD-A0F60D4B63C2}.Release|x64.Deploy.0 = Release|Any CPU
		{448E721C-9E55-4BE9-8FCD-A0F60D4B63C2}.Release|x86.ActiveCfg = Release|Any CPU
		{448E721C-9E55-4BE9-8FCD-A0F60D4B63C2}.Release|x86.Build.0 = Release|Any CPU
		{448E721C-9E55-4BE9-8FCD-A0F60D4B63C2}.Release|x86.Deploy.0 = Release|Any CPU
		{EA340817-A687-454B-825B-142C55E1C2AB}.Ad-Hoc|Any CPU.ActiveCfg = Ad-Hoc|iPhone
		{EA340817-A687-454B-825B-142C55E1C2AB}.Ad-Hoc|ARM.ActiveCfg = Ad-Hoc|iPhone
		{EA340817-A687-454B-825B-142C55E1C2AB}.Ad-Hoc|iPhone.ActiveCfg = Ad-Hoc|iPhone
		{EA340817-A687-454B-825B-142C55E1C2AB}.Ad-Hoc|iPhone.Build.0 = Ad-Hoc|iPhone
		{EA340817-A687-454B-825B-142C55E1C2AB}.Ad-Hoc|iPhoneSimulator.ActiveCfg = Ad-Hoc|iPhoneSimulator
		{EA340817-A687-454B-825B-142C55E1C2AB}.Ad-Hoc|iPhoneSimulator.Build.0 = Ad-Hoc|iPhoneSimulator
		{EA340817-A687-454B-825B-142C55E1C2AB}.Ad-Hoc|x64.ActiveCfg = Ad-Hoc|iPhone
		{EA340817-A687-454B-825B-142C55E1C2AB}.Ad-Hoc|x86.ActiveCfg = Ad-Hoc|iPhone
		{EA340817-A687-454B-825B-142C55E1C2AB}.AppStore|Any CPU.ActiveCfg = AppStore|iPhone
		{EA340817-A687-454B-825B-142C55E1C2AB}.AppStore|ARM.ActiveCfg = AppStore|iPhone
		{EA340817-A687-454B-825B-142C55E1C2AB}.AppStore|iPhone.ActiveCfg = AppStore|iPhone
		{EA340817-A687-454B-825B-142C55E1C2AB}.AppStore|iPhone.Build.0 = AppStore|iPhone
		{EA340817-A687-454B-825B-142C55E1C2AB}.AppStore|iPhoneSimulator.ActiveCfg = AppStore|iPhoneSimulator
		{EA340817-A687-454B-825B-142C55E1C2AB}.AppStore|iPhoneSimulator.Build.0 = AppStore|iPhoneSimulator
		{EA340817-A687-454B-825B-142C55E1C2AB}.AppStore|x64.ActiveCfg = AppStore|iPhone
		{EA340817-A687-454B-825B-142C55E1C2AB}.AppStore|x86.ActiveCfg = AppStore|iPhone
		{EA340817-A687-454B-825B-142C55E1C2AB}.Debug|Any CPU.ActiveCfg = Debug|iPhone
		{EA340817-A687-454B-825B-142C55E1C2AB}.Debug|ARM.ActiveCfg = Debug|iPhone
		{EA340817-A687-454B-825B-142C55E1C2AB}.Debug|iPhone.ActiveCfg = Debug|iPhone
		{EA340817-A687-454B-825B-142C55E1C2AB}.Debug|iPhone.Build.0 = Debug|iPhone
		{EA340817-A687-454B-825B-142C55E1C2AB}.Debug|iPhoneSimulator.ActiveCfg = Debug|iPhoneSimulator
		{EA340817-A687-454B-825B-142C55E1C2AB}.Debug|iPhoneSimulator.Build.0 = Debug|iPhoneSimulator
		{EA340817-A687-454B-825B-142C55E1C2AB}.Debug|x64.ActiveCfg = Debug|iPhone
		{EA340817-A687-454B-825B-142C55E1C2AB}.Debug|x86.ActiveCfg = Debug|iPhone
		{EA340817-A687-454B-825B-142C55E1C2AB}.Release|Any CPU.ActiveCfg = Release|iPhone
		{EA340817-A687-454B-825B-142C55E1C2AB}.Release|ARM.ActiveCfg = Release|iPhone
		{EA340817-A687-454B-825B-142C55E1C2AB}.Release|iPhone.ActiveCfg = Release|iPhone
		{EA340817-A687-454B-825B-142C55E1C2AB}.Release|iPhone.Build.0 = Release|iPhone
		{EA340817-A687-454B-825B-142C55E1C2AB}.Release|iPhoneSimulator.ActiveCfg = Release|iPhoneSimulator
		{EA340817-A687-454B-825B-142C55E1C2AB}.Release|iPhoneSimulator.Build.0 = Release|iPhoneSimulator
		{EA340817-A687-454B-825B-142C55E1C2AB}.Release|x64.ActiveCfg = Release|iPhone
		{EA340817-A687-454B-825B-142C55E1C2AB}.Release|x86.ActiveCfg = Release|iPhone
		{C716107E-809E-4470-8CAE-9571DE76F040}.Ad-Hoc|Any CPU.ActiveCfg = Release|x86
		{C716107E-809E-4470-8CAE-9571DE76F040}.Ad-Hoc|Any CPU.Build.0 = Release|x86
		{C716107E-809E-4470-8CAE-9571DE76F040}.Ad-Hoc|Any CPU.Deploy.0 = Release|x86
		{C716107E-809E-4470-8CAE-9571DE76F040}.Ad-Hoc|ARM.ActiveCfg = Release|ARM
		{C716107E-809E-4470-8CAE-9571DE76F040}.Ad-Hoc|ARM.Build.0 = Release|ARM
		{C716107E-809E-4470-8CAE-9571DE76F040}.Ad-Hoc|ARM.Deploy.0 = Release|ARM
		{C716107E-809E-4470-8CAE-9571DE76F040}.Ad-Hoc|iPhone.ActiveCfg = Release|x86
		{C716107E-809E-4470-8CAE-9571DE76F040}.Ad-Hoc|iPhone.Build.0 = Release|x86
		{C716107E-809E-4470-8CAE-9571DE76F040}.Ad-Hoc|iPhone.Deploy.0 = Release|x86
		{C716107E-809E-4470-8CAE-9571DE76F040}.Ad-Hoc|iPhoneSimulator.ActiveCfg = Release|x86
		{C716107E-809E-4470-8CAE-9571DE76F040}.Ad-Hoc|iPhoneSimulator.Build.0 = Release|x86
		{C716107E-809E-4470-8CAE-9571DE76F040}.Ad-Hoc|iPhoneSimulator.Deploy.0 = Release|x86
		{C716107E-809E-4470-8CAE-9571DE76F040}.Ad-Hoc|x64.ActiveCfg = Release|x64
		{C716107E-809E-4470-8CAE-9571DE76F040}.Ad-Hoc|x64.Build.0 = Release|x64
		{C716107E-809E-4470-8CAE-9571DE76F040}.Ad-Hoc|x64.Deploy.0 = Release|x64
		{C716107E-809E-4470-8CAE-9571DE76F040}.Ad-Hoc|x86.ActiveCfg = Release|x86
		{C716107E-809E-4470-8CAE-9571DE76F040}.Ad-Hoc|x86.Build.0 = Release|x86
		{C716107E-809E-4470-8CAE-9571DE76F040}.Ad-Hoc|x86.Deploy.0 = Release|x86
		{C716107E-809E-4470-8CAE-9571DE76F040}.AppStore|Any CPU.ActiveCfg = Release|x86
		{C716107E-809E-4470-8CAE-9571DE76F040}.AppStore|Any CPU.Build.0 = Release|x86
		{C716107E-809E-4470-8CAE-9571DE76F040}.AppStore|Any CPU.Deploy.0 = Release|x86
		{C716107E-809E-4470-8CAE-9571DE76F040}.AppStore|ARM.ActiveCfg = Release|ARM
		{C716107E-809E-4470-8CAE-9571DE76F040}.AppStore|ARM.Build.0 = Release|ARM
		{C716107E-809E-4470-8CAE-9571DE76F040}.AppStore|ARM.Deploy.0 = Release|ARM
		{C716107E-809E-4470-8CAE-9571DE76F040}.AppStore|iPhone.ActiveCfg = Release|x86
		{C716107E-809E-4470-8CAE-9571DE76F040}.AppStore|iPhone.Build.0 = Release|x86
		{C716107E-809E-4470-8CAE-9571DE76F040}.AppStore|iPhone.Deploy.0 = Release|x86
		{C716107E-809E-4470-8CAE-9571DE76F040}.AppStore|iPhoneSimulator.ActiveCfg = Release|x86
		{C716107E-809E-4470-8CAE-9571DE76F040}.AppStore|iPhoneSimulator.Build.0 = Release|x86
		{C716107E-809E-4470-8CAE-9571DE76F040}.AppStore|iPhoneSimulator.Deploy.0 = Release|x86
		{C716107E-809E-4470-8CAE-9571DE76F040}.AppStore|x64.ActiveCfg = Release|x64
		{C716107E-809E-4470-8CAE-9571DE76F040}.AppStore|x64.Build.0 = Release|x64
		{C716107E-809E-4470-8CAE-9571DE76F040}.AppStore|x64.Deploy.0 = Release|x64
		{C716107E-809E-4470-8CAE-9571DE76F040}.AppStore|x86.ActiveCfg = Release|x86
		{C716107E-809E-4470-8CAE-9571DE76F040}.AppStore|x86.Build.0 = Release|x86
		{C716107E-809E-4470-8CAE-9571DE76F040}.AppStore|x86.Deploy.0 = Release|x86
		{C716107E-809E-4470-8CAE-9571DE76F040}.Debug|Any CPU.ActiveCfg = Debug|x86
		{C716107E-809E-4470-8CAE-9571DE76F040}.Debug|ARM.ActiveCfg = Debug|ARM
		{C716107E-809E-4470-8CAE-9571DE76F040}.Debug|ARM.Build.0 = Debug|ARM
		{C716107E-809E-4470-8CAE-9571DE76F040}.Debug|ARM.Deploy.0 = Debug|ARM
		{C716107E-809E-4470-8CAE-9571DE76F040}.Debug|iPhone.ActiveCfg = Debug|x86
		{C716107E-809E-4470-8CAE-9571DE76F040}.Debug|iPhoneSimulator.ActiveCfg = Debug|x86
		{C716107E-809E-4470-8CAE-9571DE76F040}.Debug|x64.ActiveCfg = Debug|x64
		{C716107E-809E-4470-8CAE-9571DE76F040}.Debug|x64.Build.0 = Debug|x64
		{C716107E-809E-4470-8CAE-9571DE76F040}.Debug|x64.Deploy.0 = Debug|x64
		{C716107E-809E-4470-8CAE-9571DE76F040}.Debug|x86.ActiveCfg = Debug|x86
		{C716107E-809E-4470-8CAE-9571DE76F040}.Debug|x86.Build.0 = Debug|x86
		{C716107E-809E-4470-8CAE-9571DE76F040}.Debug|x86.Deploy.0 = Debug|x86
		{C716107E-809E-4470-8CAE-9571DE76F040}.Release|Any CPU.ActiveCfg = Release|x86
		{C716107E-809E-4470-8CAE-9571DE76F040}.Release|ARM.ActiveCfg = Release|ARM
		{C716107E-809E-4470-8CAE-9571DE76F040}.Release|ARM.Build.0 = Release|ARM
		{C716107E-809E-4470-8CAE-9571DE76F040}.Release|ARM.Deploy.0 = Release|ARM
		{C716107E-809E-4470-8CAE-9571DE76F040}.Release|iPhone.ActiveCfg = Release|x86
		{C716107E-809E-4470-8CAE-9571DE76F040}.Release|iPhoneSimulator.ActiveCfg = Release|x86
		{C716107E-809E-4470-8CAE-9571DE76F040}.Release|x64.ActiveCfg = Release|x64
		{C716107E-809E-4470-8CAE-9571DE76F040}.Release|x64.Build.0 = Release|x64
		{C716107E-809E-4470-8CAE-9571DE76F040}.Release|x64.Deploy.0 = Release|x64
		{C716107E-809E-4470-8CAE-9571DE76F040}.Release|x86.ActiveCfg = Release|x86
		{C716107E-809E-4470-8CAE-9571DE76F040}.Release|x86.Build.0 = Release|x86
		{C716107E-809E-4470-8CAE-9571DE76F040}.Release|x86.Deploy.0 = Release|x86
		{60EF6B94-C0E2-4312-8547-F02779AFB784}.Ad-Hoc|Any CPU.ActiveCfg = Debug|Any CPU
		{60EF6B94-C0E2-4312-8547-F02779AFB784}.Ad-Hoc|Any CPU.Build.0 = Debug|Any CPU
		{60EF6B94-C0E2-4312-8547-F02779AFB784}.Ad-Hoc|ARM.ActiveCfg = Debug|Any CPU
		{60EF6B94-C0E2-4312-8547-F02779AFB784}.Ad-Hoc|ARM.Build.0 = Debug|Any CPU
		{60EF6B94-C0E2-4312-8547-F02779AFB784}.Ad-Hoc|iPhone.ActiveCfg = Debug|Any CPU
		{60EF6B94-C0E2-4312-8547-F02779AFB784}.Ad-Hoc|iPhone.Build.0 = Debug|Any CPU
		{60EF6B94-C0E2-4312-8547-F02779AFB784}.Ad-Hoc|iPhoneSimulator.ActiveCfg = Debug|Any CPU
		{60EF6B94-C0E2-4312-8547-F02779AFB784}.Ad-Hoc|iPhoneSimulator.Build.0 = Debug|Any CPU
		{60EF6B94-C0E2-4312-8547-F02779AFB784}.Ad-Hoc|x64.ActiveCfg = Debug|Any CPU
		{60EF6B94-C0E2-4312-8547-F02779AFB784}.Ad-Hoc|x64.Build.0 = Debug|Any CPU
		{60EF6B94-C0E2-4312-8547-F02779AFB784}.Ad-Hoc|x86.ActiveCfg = Debug|Any CPU
		{60EF6B94-C0E2-4312-8547-F02779AFB784}.Ad-Hoc|x86.Build.0 = Debug|Any CPU
		{60EF6B94-C0E2-4312-8547-F02779AFB784}.AppStore|Any CPU.ActiveCfg = Debug|Any CPU
		{60EF6B94-C0E2-4312-8547-F02779AFB784}.AppStore|Any CPU.Build.0 = Debug|Any CPU
		{60EF6B94-C0E2-4312-8547-F02779AFB784}.AppStore|ARM.ActiveCfg = Debug|Any CPU
		{60EF6B94-C0E2-4312-8547-F02779AFB784}.AppStore|ARM.Build.0 = Debug|Any CPU
		{60EF6B94-C0E2-4312-8547-F02779AFB784}.AppStore|iPhone.ActiveCfg = Debug|Any CPU
		{60EF6B94-C0E2-4312-8547-F02779AFB784}.AppStore|iPhone.Build.0 = Debug|Any CPU
		{60EF6B94-C0E2-4312-8547-F02779AFB784}.AppStore|iPhoneSimulator.ActiveCfg = Debug|Any CPU
		{60EF6B94-C0E2-4312-8547-F02779AFB784}.AppStore|iPhoneSimulator.Build.0 = Debug|Any CPU
		{60EF6B94-C0E2-4312-8547-F02779AFB784}.AppStore|x64.ActiveCfg = Debug|Any CPU
		{60EF6B94-C0E2-4312-8547-F02779AFB784}.AppStore|x64.Build.0 = Debug|Any CPU
		{60EF6B94-C0E2-4312-8547-F02779AFB784}.AppStore|x86.ActiveCfg = Debug|Any CPU
		{60EF6B94-C0E2-4312-8547-F02779AFB784}.AppStore|x86.Build.0 = Debug|Any CPU
		{60EF6B94-C0E2-4312-8547-F02779AFB784}.Debug|Any CPU.ActiveCfg = Debug|Any CPU
		{60EF6B94-C0E2-4312-8547-F02779AFB784}.Debug|Any CPU.Build.0 = Debug|Any CPU
		{60EF6B94-C0E2-4312-8547-F02779AFB784}.Debug|ARM.ActiveCfg = Debug|Any CPU
		{60EF6B94-C0E2-4312-8547-F02779AFB784}.Debug|ARM.Build.0 = Debug|Any CPU
		{60EF6B94-C0E2-4312-8547-F02779AFB784}.Debug|iPhone.ActiveCfg = Debug|Any CPU
		{60EF6B94-C0E2-4312-8547-F02779AFB784}.Debug|iPhone.Build.0 = Debug|Any CPU
		{60EF6B94-C0E2-4312-8547-F02779AFB784}.Debug|iPhoneSimulator.ActiveCfg = Debug|Any CPU
		{60EF6B94-C0E2-4312-8547-F02779AFB784}.Debug|iPhoneSimulator.Build.0 = Debug|Any CPU
		{60EF6B94-C0E2-4312-8547-F02779AFB784}.Debug|x64.ActiveCfg = Debug|Any CPU
		{60EF6B94-C0E2-4312-8547-F02779AFB784}.Debug|x64.Build.0 = Debug|Any CPU
		{60EF6B94-C0E2-4312-8547-F02779AFB784}.Debug|x86.ActiveCfg = Debug|Any CPU
		{60EF6B94-C0E2-4312-8547-F02779AFB784}.Debug|x86.Build.0 = Debug|Any CPU
		{60EF6B94-C0E2-4312-8547-F02779AFB784}.Release|Any CPU.ActiveCfg = Release|Any CPU
		{60EF6B94-C0E2-4312-8547-F02779AFB784}.Release|Any CPU.Build.0 = Release|Any CPU
		{60EF6B94-C0E2-4312-8547-F02779AFB784}.Release|ARM.ActiveCfg = Release|Any CPU
		{60EF6B94-C0E2-4312-8547-F02779AFB784}.Release|ARM.Build.0 = Release|Any CPU
		{60EF6B94-C0E2-4312-8547-F02779AFB784}.Release|iPhone.ActiveCfg = Release|Any CPU
		{60EF6B94-C0E2-4312-8547-F02779AFB784}.Release|iPhone.Build.0 = Release|Any CPU
		{60EF6B94-C0E2-4312-8547-F02779AFB784}.Release|iPhoneSimulator.ActiveCfg = Release|Any CPU
		{60EF6B94-C0E2-4312-8547-F02779AFB784}.Release|iPhoneSimulator.Build.0 = Release|Any CPU
		{60EF6B94-C0E2-4312-8547-F02779AFB784}.Release|x64.ActiveCfg = Release|Any CPU
		{60EF6B94-C0E2-4312-8547-F02779AFB784}.Release|x64.Build.0 = Release|Any CPU
		{60EF6B94-C0E2-4312-8547-F02779AFB784}.Release|x86.ActiveCfg = Release|Any CPU
		{60EF6B94-C0E2-4312-8547-F02779AFB784}.Release|x86.Build.0 = Release|Any CPU
	EndGlobalSection
	GlobalSection(SolutionProperties) = preSolution
		HideSolutionNode = FALSE
	EndGlobalSection
	GlobalSection(ExtensibilityGlobals) = postSolution
		SolutionGuid = {23A9B467-8D48-4F59-8B1A-5D7E086EE524}
	EndGlobalSection
EndGlobal
